{
  "nodes": {
    "nixpkgs": {
      "locked": {
        "lastModified": 1639777842,
        "narHash": "sha256-+RdJe/PRIVc07hn/88hh20fW4xZaxkZOlchcRdLue7M=",
        "owner": "NixOS",
        "repo": "nixpkgs",
        "rev": "7de40c4783b3c909e5cc273cc68cba3d2b5f65ec",
        "type": "github"
      },
      "original": {
        "id": "nixpkgs",
        "type": "indirect"
      }
    },
    "root": {
      "inputs": {
        "nixpkgs": "nixpkgs"
      }
    }
  },
  "root": "root",
  "version": 7
}
